
Microsoft Visual Studio Solution File, Format Version 12.00
# Visual Studio Version 17
VisualStudioVersion = 17.4.33213.308
MinimumVisualStudioVersion = 10.0.40219.1
Project("{FAE04EC0-301F-11D3-BF4B-00C04F79EFBC}") = "PemToXml", "PemToXml.csproj", "{831AE9AE-7F2F-42F0-ABBB-196F74BC203F}"
EndProject
Global
	GlobalSection(SolutionConfigurationPlatforms) = preSolution
		Debug|Any CPU = Debug|Any CPU
		Release|Any CPU = Release|Any CPU
	EndGlobalSection
	GlobalSection(ProjectConfigurationPlatforms) = postSolution
		{831AE9AE-7F2F-42F0-ABBB-196F74BC203F}.Debug|Any CPU.ActiveCfg = Debug|Any CPU
		{831AE9AE-7F2F-42F0-ABBB-196F74BC203F}.Debug|Any CPU.Build.0 = Debug|Any CPU
		{831AE9AE-7F2F-42F0-ABBB-196F74BC203F}.Release|Any CPU.ActiveCfg = Release|Any CPU
		{831AE9AE-7F2F-42F0-ABBB-196F74BC203F}.Release|Any CPU.Build.0 = Release|Any CPU
	EndGlobalSection
	GlobalSection(SolutionProperties) = preSolution
		HideSolutionNode = FALSE
	EndGlobalSection
	GlobalSection(ExtensibilityGlobals) = postSolution
		SolutionGuid = {822E0F46-BE1F-4CA1-BA01-70927B25B452}
	EndGlobalSection
EndGlobal
